{
  "name": "latentmachine",
  "lockfileVersion": 2,
  "requires": true,
  "packages": {
    "": {
      "name": "latentmachine",
      "license": "MIT",
      "workspaces": [
        "packages/*"
      ],
      "engines": {
        "node": ">=20"
      }
    },
    "node_modules/@latentmachine/mcp": {
      "resolved": "packages/mcp",
      "link": true
    },
    "node_modules/@latentmachine/verify": {
      "resolved": "packages/verify",
      "link": true
    },
    "packages/mcp": {
      "name": "@latentmachine/mcp",
      "version": "0.1.0",
      "license": "MIT",
      "dependencies": {
        "@latentmachine/verify": "0.1.0"
      },
      "bin": {
        "latentmachine-mcp": "bin/latentmachine-mcp.js"
      },
      "engines": {
        "node": ">=20"
      }
    },
    "packages/verify": {
      "name": "@latentmachine/verify",
      "version": "0.1.0",
      "license": "MIT",
      "bin": {
        "latentmachine-verify": "bin/latentmachine.js"
      },
      "engines": {
        "node": ">=20"
      }
    }
  },
  "dependencies": {
    "@latentmachine/mcp": {
      "version": "file:packages/mcp",
      "requires": {
        "@latentmachine/verify": "0.1.0"
      }
    },
    "@latentmachine/verify": {
      "version": "file:packages/verify"
    }
  }
}
